
Microsoft Visual Studio Solution File, Format Version 12.00
# Visual Studio Version 16
VisualStudioVersion = 16.0.31005.135
MinimumVisualStudioVersion = 10.0.40219.1
Project("{FAE04EC0-301F-11D3-BF4B-00C04F79EFBC}") = "DStudioTest", "DStudioTest\DStudioTest.csproj", "{D663B9F5-102A-4E4F-BDB9-70C7D80D8074}"
EndProject
Global
	GlobalSection(SolutionConfigurationPlatforms) = preSolution
		Debug|Any CPU = Debug|Any CPU
		Release|Any CPU = Release|Any CPU
	EndGlobalSection
	GlobalSection(ProjectConfigurationPlatforms) = postSolution
		{D663B9F5-102A-4E4F-BDB9-70C7D80D8074}.Debug|Any CPU.ActiveCfg = Debug|Any CPU
		{D663B9F5-102A-4E4F-BDB9-70C7D80D8074}.Debug|Any CPU.Build.0 = Debug|Any CPU
		{D663B9F5-102A-4E4F-BDB9-70C7D80D8074}.Release|Any CPU.ActiveCfg = Release|Any CPU
		{D663B9F5-102A-4E4F-BDB9-70C7D80D8074}.Release|Any CPU.Build.0 = Release|Any CPU
	EndGlobalSection
	GlobalSection(SolutionProperties) = preSolution
		HideSolutionNode = FALSE
	EndGlobalSection
	GlobalSection(ExtensibilityGlobals) = postSolution
		SolutionGuid = {F4FAC168-683C-44DC-BABE-C733817E6C44}
	EndGlobalSection
EndGlobal
